
Microsoft Visual Studio Solution File, Format Version 12.00
# Visual Studio Version 16
VisualStudioVersion = 16.0.30907.101
MinimumVisualStudioVersion = 10.0.40219.1
Project("{FAE04EC0-301F-11D3-BF4B-00C04F79EFBC}") = "BigBucks2.0", "BigBucks2.0\BigBucks2.0.csproj", "{66BCDCC1-EF79-487A-B3E2-4C9CEA995DEE}"
EndProject
Global
	GlobalSection(SolutionConfigurationPlatforms) = preSolution
		Debug|Any CPU = Debug|Any CPU
		Release|Any CPU = Release|Any CPU
	EndGlobalSection
	GlobalSection(ProjectConfigurationPlatforms) = postSolution
		{66BCDCC1-EF79-487A-B3E2-4C9CEA995DEE}.Debug|Any CPU.ActiveCfg = Debug|Any CPU
		{66BCDCC1-EF79-487A-B3E2-4C9CEA995DEE}.Debug|Any CPU.Build.0 = Debug|Any CPU
		{66BCDCC1-EF79-487A-B3E2-4C9CEA995DEE}.Release|Any CPU.ActiveCfg = Release|Any CPU
		{66BCDCC1-EF79-487A-B3E2-4C9CEA995DEE}.Release|Any CPU.Build.0 = Release|Any CPU
	EndGlobalSection
	GlobalSection(SolutionProperties) = preSolution
		HideSolutionNode = FALSE
	EndGlobalSection
	GlobalSection(ExtensibilityGlobals) = postSolution
		SolutionGuid = {89C8F0CD-237D-4A7E-9032-7DC87780CC20}
	EndGlobalSection
EndGlobal
